
Microsoft Visual Studio Solution File, Format Version 12.00
# Visual Studio Version 17
VisualStudioVersion = 17.0.31912.275
MinimumVisualStudioVersion = 10.0.40219.1
Project("{9A19103F-16F7-4668-BE54-9A1E7A4F7556}") = "Alword.Communigate", "Alword.Communigate.csproj", "{09705908-36DF-4B23-BDA1-0745C30B2BE3}"
EndProject
Project("{2150E333-8FDC-42A3-9474-1A3956D46DE8}") = "Tests", "Tests", "{F66691B2-CB37-459F-B900-B6B04BB89637}"
EndProject
Project("{9A19103F-16F7-4668-BE54-9A1E7A4F7556}") = "Alword.Communigate.Logic", "..\Alword.Communigate.Logic\Alword.Communigate.Logic.csproj", "{EE39FFB3-37A7-452D-A644-DFB03FDCADE5}"
EndProject
Project("{9A19103F-16F7-4668-BE54-9A1E7A4F7556}") = "Alword.Communigate.Logic.Tests", "..\Alword.Communigate.Logic.Tests\Alword.Communigate.Logic.Tests.csproj", "{943E0DE6-D002-4220-B776-C6EC9B7A85F7}"
EndProject
Global
	GlobalSection(SolutionConfigurationPlatforms) = preSolution
		Debug|Any CPU = Debug|Any CPU
		Release|Any CPU = Release|Any CPU
	EndGlobalSection
	GlobalSection(ProjectConfigurationPlatforms) = postSolution
		{09705908-36DF-4B23-BDA1-0745C30B2BE3}.Debug|Any CPU.ActiveCfg = Debug|Any CPU
		{09705908-36DF-4B23-BDA1-0745C30B2BE3}.Debug|Any CPU.Build.0 = Debug|Any CPU
		{09705908-36DF-4B23-BDA1-0745C30B2BE3}.Release|Any CPU.ActiveCfg = Release|Any CPU
		{09705908-36DF-4B23-BDA1-0745C30B2BE3}.Release|Any CPU.Build.0 = Release|Any CPU
		{EE39FFB3-37A7-452D-A644-DFB03FDCADE5}.Debug|Any CPU.ActiveCfg = Debug|Any CPU
		{EE39FFB3-37A7-452D-A644-DFB03FDCADE5}.Debug|Any CPU.Build.0 = Debug|Any CPU
		{EE39FFB3-37A7-452D-A644-DFB03FDCADE5}.Release|Any CPU.ActiveCfg = Release|Any CPU
		{EE39FFB3-37A7-452D-A644-DFB03FDCADE5}.Release|Any CPU.Build.0 = Release|Any CPU
		{943E0DE6-D002-4220-B776-C6EC9B7A85F7}.Debug|Any CPU.ActiveCfg = Debug|Any CPU
		{943E0DE6-D002-4220-B776-C6EC9B7A85F7}.Debug|Any CPU.Build.0 = Debug|Any CPU
		{943E0DE6-D002-4220-B776-C6EC9B7A85F7}.Release|Any CPU.ActiveCfg = Release|Any CPU
		{943E0DE6-D002-4220-B776-C6EC9B7A85F7}.Release|Any CPU.Build.0 = Release|Any CPU
	EndGlobalSection
	GlobalSection(SolutionProperties) = preSolution
		HideSolutionNode = FALSE
	EndGlobalSection
	GlobalSection(NestedProjects) = preSolution
		{943E0DE6-D002-4220-B776-C6EC9B7A85F7} = {F66691B2-CB37-459F-B900-B6B04BB89637}
	EndGlobalSection
	GlobalSection(ExtensibilityGlobals) = postSolution
		SolutionGuid = {B148AA65-FFC2-460F-972A-2FA2EF0BC508}
	EndGlobalSection
EndGlobal
